
Microsoft Visual Studio Solution File, Format Version 12.00
# Visual Studio Version 17
VisualStudioVersion = 17.11.35327.3
MinimumVisualStudioVersion = 10.0.40219.1
Project("{9A19103F-16F7-4668-BE54-9A1E7A4F7556}") = "Homework", "Homework\Homework.csproj", "{80DE7D98-C018-4B54-9DA1-0DD3823136EA}"
EndProject
Project("{2150E333-8FDC-42A3-9474-1A3956D46DE8}") = "LoopTasks", "LoopTasks", "{B6CAF2AA-0C8D-4D6E-9BC6-ACB5F4ED0576}"
EndProject
Global
	GlobalSection(SolutionConfigurationPlatforms) = preSolution
		Debug|Any CPU = Debug|Any CPU
		Release|Any CPU = Release|Any CPU
	EndGlobalSection
	GlobalSection(ProjectConfigurationPlatforms) = postSolution
		{80DE7D98-C018-4B54-9DA1-0DD3823136EA}.Debug|Any CPU.ActiveCfg = Debug|Any CPU
		{80DE7D98-C018-4B54-9DA1-0DD3823136EA}.Debug|Any CPU.Build.0 = Debug|Any CPU
		{80DE7D98-C018-4B54-9DA1-0DD3823136EA}.Release|Any CPU.ActiveCfg = Release|Any CPU
		{80DE7D98-C018-4B54-9DA1-0DD3823136EA}.Release|Any CPU.Build.0 = Release|Any CPU
	EndGlobalSection
	GlobalSection(SolutionProperties) = preSolution
		HideSolutionNode = FALSE
	EndGlobalSection
	GlobalSection(NestedProjects) = preSolution
		{80DE7D98-C018-4B54-9DA1-0DD3823136EA} = {B6CAF2AA-0C8D-4D6E-9BC6-ACB5F4ED0576}
	EndGlobalSection
	GlobalSection(ExtensibilityGlobals) = postSolution
		SolutionGuid = {4CF1EC1D-C0AE-4A1D-A889-CD9F23FDFE5D}
	EndGlobalSection
EndGlobal
